<?xml version="1.0" encoding="UTF-8"?>
<Scheme
   LastUpgradeVersion = "2610"
   version = "1.7">
   <BuildAction
      parallelizeBuildables = "YES"
      buildImplicitDependencies = "YES"
      buildArchitectures = "Automatic">
      <BuildActionEntries>
         <BuildActionEntry
            buildForTesting = "YES"
            buildForRunning = "YES"
            buildForProfiling = "YES"
            buildForArchiving = "YES"
            buildForAnalyzing = "YES">
            <BuildableReference
               BuildableIdentifier = "primary"
               BlueprintIdentifier = "62324B4D2F66C5F600A9C2BE"
               BuildableName = "workload management.app"
               BlueprintName = "workload management"
               ReferencedContainer = "container:workload management.xcodeproj">
            </BuildableReference>
         </BuildActionEntry>
      </BuildActionEntries>
   </BuildAction>
   <TestAction
      buildConfiguration = "Debug"
      selectedDebuggerIdentifier = "Xcode.DebuggerFoundation.Debugger.LLDB"
      selectedLauncherIdentifier = "Xcode.DebuggerFoundation.Launcher.LLDB"
      shouldUseLaunchSchemeArgsEnv = "YES"
      shouldAutocreateTestPlan = "YES">
      <CommandLineArguments>
         <CommandLineArgument
            argument = "SCREENSHOT_MODE"
            isEnabled = "YES">
         </CommandLineArgument>
         <CommandLineArgument
            argument = "-AppleLanguages"
            isEnabled = "YES">
         </CommandLineArgument>
         <CommandLineArgument
            argument = "(zh-Hans)"
            isEnabled = "YES">
         </CommandLineArgument>
         <CommandLineArgument
            argument = "-AppleLocale"
            isEnabled = "YES">
         </CommandLineArgument>
         <CommandLineArgument
            argument = "zh_Hans_CN"
            isEnabled = "YES">
         </CommandLineArgument>
      </CommandLineArguments>
      <Testables>
         <TestableReference
            skipped = "NO"
            parallelizable = "YES">
            <BuildableReference
               BuildableIdentifier = "primary"
               BlueprintIdentifier = "6245F7F82F8A27600087D193"
               BuildableName = "ScreenshotTests.xctest"
               BlueprintName = "ScreenshotTests"
               ReferencedContainer = "container:workload management.xcodeproj">
            </BuildableReference>
         </TestableReference>
      </Testables>
   </TestAction>
   <LaunchAction
      buildConfiguration = "Debug"
      selectedDebuggerIdentifier = "Xcode.DebuggerFoundation.Debugger.LLDB"
      selectedLauncherIdentifier = "Xcode.DebuggerFoundation.Launcher.LLDB"
      launchStyle = "0"
      useCustomWorkingDirectory = "NO"
      ignoresPersistentStateOnLaunch = "NO"
      debugDocumentVersioning = "YES"
      debugServiceExtension = "internal"
      allowLocationSimulation = "YES">
      <BuildableProductRunnable
         runnableDebuggingMode = "0">
         <BuildableReference
            BuildableIdentifier = "primary"
            BlueprintIdentifier = "62324B4D2F66C5F600A9C2BE"
            BuildableName = "workload management.app"
            BlueprintName = "workload management"
            ReferencedContainer = "container:workload management.xcodeproj">
         </BuildableReference>
      </BuildableProductRunnable>
      <CommandLineArguments>
         <CommandLineArgument
            argument = "SCREENSHOT_MODE"
            isEnabled = "YES">
         </CommandLineArgument>
         <CommandLineArgument
            argument = "-AppleLanguages"
            isEnabled = "YES">
         </CommandLineArgument>
         <CommandLineArgument
            argument = "(zh-Hans)"
            isEnabled = "YES">
         </CommandLineArgument>
         <CommandLineArgument
            argument = "-AppleLocale"
            isEnabled = "YES">
         </CommandLineArgument>
         <CommandLineArgument
            argument = "zh_Hans_CN"
            isEnabled = "YES">
         </CommandLineArgument>
      </CommandLineArguments>
   </LaunchAction>
   <ProfileAction
      buildConfiguration = "Release"
      shouldUseLaunchSchemeArgsEnv = "YES"
      savedToolIdentifier = ""
      useCustomWorkingDirectory = "NO"
      debugDocumentVersioning = "YES">
      <BuildableProductRunnable
         runnableDebuggingMode = "0">
         <BuildableReference
            BuildableIdentifier = "primary"
            BlueprintIdentifier = "62324B4D2F66C5F600A9C2BE"
            BuildableName = "workload management.app"
            BlueprintName = "workload management"
            ReferencedContainer = "container:workload management.xcodeproj">
         </BuildableReference>
      </BuildableProductRunnable>
   </ProfileAction>
   <AnalyzeAction
      buildConfiguration = "Debug">
   </AnalyzeAction>
   <ArchiveAction
      buildConfiguration = "Release"
      revealArchiveInOrganizer = "YES">
   </ArchiveAction>
</Scheme>
